
Microsoft Visual Studio Solution File, Format Version 12.00
# Visual Studio Version 16
VisualStudioVersion = 16.0.29519.181
MinimumVisualStudioVersion = 10.0.40219.1
Project("{FAE04EC0-301F-11D3-BF4B-00C04F79EFBC}") = "VehicleAPITest2", "VehicleAPITest2.csproj", "{68C5D208-C0B4-4646-A7C4-AA93FB8BE068}"
EndProject
Global
	GlobalSection(SolutionConfigurationPlatforms) = preSolution
		Debug|Any CPU = Debug|Any CPU
		Release|Any CPU = Release|Any CPU
	EndGlobalSection
	GlobalSection(ProjectConfigurationPlatforms) = postSolution
		{68C5D208-C0B4-4646-A7C4-AA93FB8BE068}.Debug|Any CPU.ActiveCfg = Debug|Any CPU
		{68C5D208-C0B4-4646-A7C4-AA93FB8BE068}.Debug|Any CPU.Build.0 = Debug|Any CPU
		{68C5D208-C0B4-4646-A7C4-AA93FB8BE068}.Release|Any CPU.ActiveCfg = Release|Any CPU
		{68C5D208-C0B4-4646-A7C4-AA93FB8BE068}.Release|Any CPU.Build.0 = Release|Any CPU
	EndGlobalSection
	GlobalSection(SolutionProperties) = preSolution
		HideSolutionNode = FALSE
	EndGlobalSection
	GlobalSection(ExtensibilityGlobals) = postSolution
		SolutionGuid = {7F80F291-0744-4F69-AB59-D4A195997F1B}
	EndGlobalSection
EndGlobal
